
Microsoft Visual Studio Solution File, Format Version 12.00
# Visual Studio Version 17
VisualStudioVersion = 17.13.35931.197 d17.13
MinimumVisualStudioVersion = 10.0.40219.1
Project("{FAE04EC0-301F-11D3-BF4B-00C04F79EFBC}") = "E-shop", "E-shop\E-shop.csproj", "{E3141D44-4E1F-4618-8B08-DC9D164B66C1}"
EndProject
Global
	GlobalSection(SolutionConfigurationPlatforms) = preSolution
		Debug|Any CPU = Debug|Any CPU
		Release|Any CPU = Release|Any CPU
	EndGlobalSection
	GlobalSection(ProjectConfigurationPlatforms) = postSolution
		{E3141D44-4E1F-4618-8B08-DC9D164B66C1}.Debug|Any CPU.ActiveCfg = Debug|Any CPU
		{E3141D44-4E1F-4618-8B08-DC9D164B66C1}.Debug|Any CPU.Build.0 = Debug|Any CPU
		{E3141D44-4E1F-4618-8B08-DC9D164B66C1}.Release|Any CPU.ActiveCfg = Release|Any CPU
		{E3141D44-4E1F-4618-8B08-DC9D164B66C1}.Release|Any CPU.Build.0 = Release|Any CPU
	EndGlobalSection
	GlobalSection(SolutionProperties) = preSolution
		HideSolutionNode = FALSE
	EndGlobalSection
	GlobalSection(ExtensibilityGlobals) = postSolution
		SolutionGuid = {814F329F-F019-4772-8340-94DDD46E53F3}
	EndGlobalSection
EndGlobal
